
Microsoft Visual Studio Solution File, Format Version 12.00
# Visual Studio Version 16
VisualStudioVersion = 16.0.31129.286
MinimumVisualStudioVersion = 10.0.40219.1
Project("{FAE04EC0-301F-11D3-BF4B-00C04F79EFBC}") = "Finance_task2", "Finance_task2.csproj", "{B56D2C0B-1AB2-45BF-9F99-D22FBB65C301}"
EndProject
Global
	GlobalSection(SolutionConfigurationPlatforms) = preSolution
		Debug|Any CPU = Debug|Any CPU
		Release|Any CPU = Release|Any CPU
	EndGlobalSection
	GlobalSection(ProjectConfigurationPlatforms) = postSolution
		{B56D2C0B-1AB2-45BF-9F99-D22FBB65C301}.Debug|Any CPU.ActiveCfg = Debug|Any CPU
		{B56D2C0B-1AB2-45BF-9F99-D22FBB65C301}.Debug|Any CPU.Build.0 = Debug|Any CPU
		{B56D2C0B-1AB2-45BF-9F99-D22FBB65C301}.Release|Any CPU.ActiveCfg = Release|Any CPU
		{B56D2C0B-1AB2-45BF-9F99-D22FBB65C301}.Release|Any CPU.Build.0 = Release|Any CPU
	EndGlobalSection
	GlobalSection(SolutionProperties) = preSolution
		HideSolutionNode = FALSE
	EndGlobalSection
	GlobalSection(ExtensibilityGlobals) = postSolution
		SolutionGuid = {3460AF1B-61DE-47D3-994C-94B94D848DE5}
	EndGlobalSection
EndGlobal
